
Microsoft Visual Studio Solution File, Format Version 12.00
# Visual Studio 15
VisualStudioVersion = 15.0.28010.2048
MinimumVisualStudioVersion = 10.0.40219.1
Project("{FAE04EC0-301F-11D3-BF4B-00C04F79EFBC}") = "MCR-EMApp", "MCR-EMApp\MCR-EMApp.csproj", "{933CDD5E-1BE1-485B-9B98-B7BA52CABEF2}"
EndProject
Project("{54435603-DBB4-11D2-8724-00A0C9A8B90C}") = "EM_Reader", "EM_Reader\EM_Reader.vdproj", "{1ECE4E70-192F-41A5-A462-6BEEDF3A1EFA}"
EndProject
Global
	GlobalSection(SolutionConfigurationPlatforms) = preSolution
		Debug|Any CPU = Debug|Any CPU
		Release|Any CPU = Release|Any CPU
	EndGlobalSection
	GlobalSection(ProjectConfigurationPlatforms) = postSolution
		{933CDD5E-1BE1-485B-9B98-B7BA52CABEF2}.Debug|Any CPU.ActiveCfg = Debug|Any CPU
		{933CDD5E-1BE1-485B-9B98-B7BA52CABEF2}.Debug|Any CPU.Build.0 = Debug|Any CPU
		{933CDD5E-1BE1-485B-9B98-B7BA52CABEF2}.Release|Any CPU.ActiveCfg = Release|Any CPU
		{933CDD5E-1BE1-485B-9B98-B7BA52CABEF2}.Release|Any CPU.Build.0 = Release|Any CPU
		{1ECE4E70-192F-41A5-A462-6BEEDF3A1EFA}.Debug|Any CPU.ActiveCfg = Debug
		{1ECE4E70-192F-41A5-A462-6BEEDF3A1EFA}.Release|Any CPU.ActiveCfg = Release
	EndGlobalSection
	GlobalSection(SolutionProperties) = preSolution
		HideSolutionNode = FALSE
	EndGlobalSection
	GlobalSection(ExtensibilityGlobals) = postSolution
		SolutionGuid = {A0CF35DD-0082-460D-B212-73A1BDBDD6E6}
	EndGlobalSection
EndGlobal
